
Microsoft Visual Studio Solution File, Format Version 12.00
# Visual Studio Version 17
VisualStudioVersion = 17.4.33122.133
MinimumVisualStudioVersion = 10.0.40219.1
Project("{9A19103F-16F7-4668-BE54-9A1E7A4F7556}") = "Data", "GameStoreDAL\Data\Data.csproj", "{65A158DB-0991-4ED8-819A-53090A55DFDA}"
EndProject
Project("{9A19103F-16F7-4668-BE54-9A1E7A4F7556}") = "Business", "GameStoreBLL\Business\Business.csproj", "{436F9F79-8D5B-4018-AD58-3498EA1842D1}"
EndProject
Project("{9A19103F-16F7-4668-BE54-9A1E7A4F7556}") = "WebApi", "GameStorePL\WebApi\WebApi.csproj", "{F7FE7C5A-43E6-419D-80A6-B0FE4A16D200}"
EndProject
Project("{9A19103F-16F7-4668-BE54-9A1E7A4F7556}") = "Tests", "Tests\Tests.csproj", "{1F55B497-346B-437B-94AE-37860E89AA5C}"
EndProject
Project("{FAE04EC0-301F-11D3-BF4B-00C04F79EFBC}") = "MongoData", "MongoData\MongoData.csproj", "{29C0BF6F-6DA3-4F19-8F1C-68741553114D}"
EndProject
Global
	GlobalSection(SolutionConfigurationPlatforms) = preSolution
		Debug|Any CPU = Debug|Any CPU
		Release|Any CPU = Release|Any CPU
	EndGlobalSection
	GlobalSection(ProjectConfigurationPlatforms) = postSolution
		{65A158DB-0991-4ED8-819A-53090A55DFDA}.Debug|Any CPU.ActiveCfg = Debug|Any CPU
		{65A158DB-0991-4ED8-819A-53090A55DFDA}.Debug|Any CPU.Build.0 = Debug|Any CPU
		{65A158DB-0991-4ED8-819A-53090A55DFDA}.Release|Any CPU.ActiveCfg = Release|Any CPU
		{65A158DB-0991-4ED8-819A-53090A55DFDA}.Release|Any CPU.Build.0 = Release|Any CPU
		{436F9F79-8D5B-4018-AD58-3498EA1842D1}.Debug|Any CPU.ActiveCfg = Debug|Any CPU
		{436F9F79-8D5B-4018-AD58-3498EA1842D1}.Debug|Any CPU.Build.0 = Debug|Any CPU
		{436F9F79-8D5B-4018-AD58-3498EA1842D1}.Release|Any CPU.ActiveCfg = Release|Any CPU
		{436F9F79-8D5B-4018-AD58-3498EA1842D1}.Release|Any CPU.Build.0 = Release|Any CPU
		{F7FE7C5A-43E6-419D-80A6-B0FE4A16D200}.Debug|Any CPU.ActiveCfg = Debug|Any CPU
		{F7FE7C5A-43E6-419D-80A6-B0FE4A16D200}.Debug|Any CPU.Build.0 = Debug|Any CPU
		{F7FE7C5A-43E6-419D-80A6-B0FE4A16D200}.Release|Any CPU.ActiveCfg = Release|Any CPU
		{F7FE7C5A-43E6-419D-80A6-B0FE4A16D200}.Release|Any CPU.Build.0 = Release|Any CPU
		{1F55B497-346B-437B-94AE-37860E89AA5C}.Debug|Any CPU.ActiveCfg = Debug|Any CPU
		{1F55B497-346B-437B-94AE-37860E89AA5C}.Debug|Any CPU.Build.0 = Debug|Any CPU
		{1F55B497-346B-437B-94AE-37860E89AA5C}.Release|Any CPU.ActiveCfg = Release|Any CPU
		{1F55B497-346B-437B-94AE-37860E89AA5C}.Release|Any CPU.Build.0 = Release|Any CPU
		{29C0BF6F-6DA3-4F19-8F1C-68741553114D}.Debug|Any CPU.ActiveCfg = Debug|Any CPU
		{29C0BF6F-6DA3-4F19-8F1C-68741553114D}.Debug|Any CPU.Build.0 = Debug|Any CPU
		{29C0BF6F-6DA3-4F19-8F1C-68741553114D}.Release|Any CPU.ActiveCfg = Release|Any CPU
		{29C0BF6F-6DA3-4F19-8F1C-68741553114D}.Release|Any CPU.Build.0 = Release|Any CPU
	EndGlobalSection
	GlobalSection(SolutionProperties) = preSolution
		HideSolutionNode = FALSE
	EndGlobalSection
	GlobalSection(ExtensibilityGlobals) = postSolution
		SolutionGuid = {4313BA72-D12A-412B-9337-85D5693B97E9}
	EndGlobalSection
EndGlobal
